
Microsoft Visual Studio Solution File, Format Version 12.00
# Visual Studio Version 17
VisualStudioVersion = 17.0.31903.59
MinimumVisualStudioVersion = 10.0.40219.1
Project("{2150E333-8FDC-42A3-9474-1A3956D46DE8}") = "Build Items", "Build Items", "{80691D64-5F1D-450E-99A4-3EA2A3431317}"
	ProjectSection(SolutionItems) = preProject
		.alfred = .alfred
		Directory.Build.props = Directory.Build.props
		pack.ps1 = pack.ps1
	EndProjectSection
EndProject
Project("{2150E333-8FDC-42A3-9474-1A3956D46DE8}") = "Solution Items", "Solution Items", "{E3D1F8BC-D092-426A-B732-671AAB24D8A6}"
	ProjectSection(SolutionItems) = preProject
		.editorconfig = .editorconfig
		.gitattributes = .gitattributes
		.gitignore = .gitignore
		CHANGELOG.md = CHANGELOG.md
		README.md = README.md
	EndProjectSection
EndProject
Project("{9A19103F-16F7-4668-BE54-9A1E7A4F7556}") = "Maid", "src\Maid\Maid.csproj", "{9E1AF045-C973-4645-9005-E4854518DBF4}"
EndProject
Project("{9A19103F-16F7-4668-BE54-9A1E7A4F7556}") = "Maid.Test", "src\Maid.Test\Maid.Test.csproj", "{718B0CB3-738C-4C33-9F6B-8E3757315F06}"
EndProject
Project("{9A19103F-16F7-4668-BE54-9A1E7A4F7556}") = "System.CommandLine", "src\Maid.CLI\src\System.CommandLine\System.CommandLine.csproj", "{8636EF7C-A7A8-4B46-9357-22C4A13F9C15}"
EndProject
Project("{2150E333-8FDC-42A3-9474-1A3956D46DE8}") = "playground", "playground", "{B268905E-0FF1-416F-8EEA-25082270D0B9}"
EndProject
Project("{9A19103F-16F7-4668-BE54-9A1E7A4F7556}") = "Sample", "playground\Sample\Sample.csproj", "{6D5AD8C4-3E89-47FC-B3A7-761135E4577B}"
EndProject
Global
	GlobalSection(SolutionConfigurationPlatforms) = preSolution
		Debug|Any CPU = Debug|Any CPU
		Release|Any CPU = Release|Any CPU
	EndGlobalSection
	GlobalSection(ProjectConfigurationPlatforms) = postSolution
		{9E1AF045-C973-4645-9005-E4854518DBF4}.Debug|Any CPU.ActiveCfg = Debug|Any CPU
		{9E1AF045-C973-4645-9005-E4854518DBF4}.Debug|Any CPU.Build.0 = Debug|Any CPU
		{9E1AF045-C973-4645-9005-E4854518DBF4}.Release|Any CPU.ActiveCfg = Release|Any CPU
		{9E1AF045-C973-4645-9005-E4854518DBF4}.Release|Any CPU.Build.0 = Release|Any CPU
		{718B0CB3-738C-4C33-9F6B-8E3757315F06}.Debug|Any CPU.ActiveCfg = Debug|Any CPU
		{718B0CB3-738C-4C33-9F6B-8E3757315F06}.Debug|Any CPU.Build.0 = Debug|Any CPU
		{718B0CB3-738C-4C33-9F6B-8E3757315F06}.Release|Any CPU.ActiveCfg = Release|Any CPU
		{718B0CB3-738C-4C33-9F6B-8E3757315F06}.Release|Any CPU.Build.0 = Release|Any CPU
		{8636EF7C-A7A8-4B46-9357-22C4A13F9C15}.Debug|Any CPU.ActiveCfg = Debug|Any CPU
		{8636EF7C-A7A8-4B46-9357-22C4A13F9C15}.Debug|Any CPU.Build.0 = Debug|Any CPU
		{8636EF7C-A7A8-4B46-9357-22C4A13F9C15}.Release|Any CPU.ActiveCfg = Release|Any CPU
		{8636EF7C-A7A8-4B46-9357-22C4A13F9C15}.Release|Any CPU.Build.0 = Release|Any CPU
		{6D5AD8C4-3E89-47FC-B3A7-761135E4577B}.Debug|Any CPU.ActiveCfg = Debug|Any CPU
		{6D5AD8C4-3E89-47FC-B3A7-761135E4577B}.Debug|Any CPU.Build.0 = Debug|Any CPU
		{6D5AD8C4-3E89-47FC-B3A7-761135E4577B}.Release|Any CPU.ActiveCfg = Release|Any CPU
		{6D5AD8C4-3E89-47FC-B3A7-761135E4577B}.Release|Any CPU.Build.0 = Release|Any CPU
	EndGlobalSection
	GlobalSection(SolutionProperties) = preSolution
		HideSolutionNode = FALSE
	EndGlobalSection
	GlobalSection(NestedProjects) = preSolution
		{6D5AD8C4-3E89-47FC-B3A7-761135E4577B} = {B268905E-0FF1-416F-8EEA-25082270D0B9}
	EndGlobalSection
	GlobalSection(ExtensibilityGlobals) = postSolution
		SolutionGuid = {21D3B910-3024-4DA3-AF69-84DB8945029B}
	EndGlobalSection
EndGlobal
