
Microsoft Visual Studio Solution File, Format Version 12.00
# Visual Studio Version 17
VisualStudioVersion = 17.0.31903.59
MinimumVisualStudioVersion = 10.0.40219.1
Project("{2150E333-8FDC-42A3-9474-1A3956D46DE8}") = "Solution Items", "Solution Items", "{B4F61B39-BAB0-4476-A105-D8F57B15344D}"
	ProjectSection(SolutionItems) = preProject
		.editorconfig = .editorconfig
		.gitignore = .gitignore
		CHANGELOG.md = CHANGELOG.md
		README.md = README.md
	EndProjectSection
EndProject
Project("{2150E333-8FDC-42A3-9474-1A3956D46DE8}") = "Build Items", "Build Items", "{192244EB-FD41-4C9A-839E-09DFDAD35E4F}"
	ProjectSection(SolutionItems) = preProject
		build.jsonc = build.jsonc
		build.ps1 = build.ps1
		Directory.Build.props = Directory.Build.props
	EndProjectSection
EndProject
Project("{D954291E-2A0B-460D-934E-DC6B0785DB48}") = "Generic", "generic\Generic.shproj", "{88F1ECF2-2F9B-4840-A0C3-941B177A9375}"
EndProject
Project("{9A19103F-16F7-4668-BE54-9A1E7A4F7556}") = "System.CommandLine", "src\System.CommandLine\System.CommandLine.csproj", "{1767628C-4BF4-42B7-965F-703A6FD05A60}"
EndProject
Project("{9A19103F-16F7-4668-BE54-9A1E7A4F7556}") = "Sample", "playground\Sample\Sample.csproj", "{63113F8C-9EFF-40BB-921F-A8C6E0DA8CB9}"
EndProject
Project("{9A19103F-16F7-4668-BE54-9A1E7A4F7556}") = "Senpai", "src\Senpai\Senpai.csproj", "{EBF7C56D-3A9E-46E9-BC94-D4D9006A14B0}"
EndProject
Project("{9A19103F-16F7-4668-BE54-9A1E7A4F7556}") = "Senpai.Test", "src\Senpai.Test\Senpai.Test.csproj", "{308813FC-6C90-4489-84D7-2DD2869269FE}"
EndProject
Global
	GlobalSection(SolutionConfigurationPlatforms) = preSolution
		Debug|Any CPU = Debug|Any CPU
		Release|Any CPU = Release|Any CPU
	EndGlobalSection
	GlobalSection(ProjectConfigurationPlatforms) = postSolution
		{1767628C-4BF4-42B7-965F-703A6FD05A60}.Debug|Any CPU.ActiveCfg = Debug|Any CPU
		{1767628C-4BF4-42B7-965F-703A6FD05A60}.Debug|Any CPU.Build.0 = Debug|Any CPU
		{1767628C-4BF4-42B7-965F-703A6FD05A60}.Release|Any CPU.ActiveCfg = Release|Any CPU
		{1767628C-4BF4-42B7-965F-703A6FD05A60}.Release|Any CPU.Build.0 = Release|Any CPU
		{63113F8C-9EFF-40BB-921F-A8C6E0DA8CB9}.Debug|Any CPU.ActiveCfg = Debug|Any CPU
		{63113F8C-9EFF-40BB-921F-A8C6E0DA8CB9}.Debug|Any CPU.Build.0 = Debug|Any CPU
		{63113F8C-9EFF-40BB-921F-A8C6E0DA8CB9}.Release|Any CPU.ActiveCfg = Release|Any CPU
		{63113F8C-9EFF-40BB-921F-A8C6E0DA8CB9}.Release|Any CPU.Build.0 = Release|Any CPU
		{EBF7C56D-3A9E-46E9-BC94-D4D9006A14B0}.Debug|Any CPU.ActiveCfg = Debug|Any CPU
		{EBF7C56D-3A9E-46E9-BC94-D4D9006A14B0}.Debug|Any CPU.Build.0 = Debug|Any CPU
		{EBF7C56D-3A9E-46E9-BC94-D4D9006A14B0}.Release|Any CPU.ActiveCfg = Release|Any CPU
		{EBF7C56D-3A9E-46E9-BC94-D4D9006A14B0}.Release|Any CPU.Build.0 = Release|Any CPU
		{308813FC-6C90-4489-84D7-2DD2869269FE}.Debug|Any CPU.ActiveCfg = Debug|Any CPU
		{308813FC-6C90-4489-84D7-2DD2869269FE}.Debug|Any CPU.Build.0 = Debug|Any CPU
		{308813FC-6C90-4489-84D7-2DD2869269FE}.Release|Any CPU.ActiveCfg = Release|Any CPU
		{308813FC-6C90-4489-84D7-2DD2869269FE}.Release|Any CPU.Build.0 = Release|Any CPU
	EndGlobalSection
	GlobalSection(SolutionProperties) = preSolution
		HideSolutionNode = FALSE
	EndGlobalSection
	GlobalSection(NestedProjects) = preSolution
		{88F1ECF2-2F9B-4840-A0C3-941B177A9375} = {192244EB-FD41-4C9A-839E-09DFDAD35E4F}
	EndGlobalSection
	GlobalSection(ExtensibilityGlobals) = postSolution
		SolutionGuid = {0A6238DB-434C-422E-B3A3-0FA764033991}
	EndGlobalSection
EndGlobal
